
Microsoft Visual Studio Solution File, Format Version 12.00
# Visual Studio 15
VisualStudioVersion = 15.0.28307.421
MinimumVisualStudioVersion = 10.0.40219.1
Project("{FAE04EC0-301F-11D3-BF4B-00C04F79EFBC}") = "Logging", "Logging.csproj", "{A616E65C-1CA1-47DF-9994-BFE4B6F35321}"
EndProject
Global
	GlobalSection(SolutionConfigurationPlatforms) = preSolution
		Debug|Any CPU = Debug|Any CPU
		Release|Any CPU = Release|Any CPU
	EndGlobalSection
	GlobalSection(ProjectConfigurationPlatforms) = postSolution
		{A616E65C-1CA1-47DF-9994-BFE4B6F35321}.Debug|Any CPU.ActiveCfg = Debug|Any CPU
		{A616E65C-1CA1-47DF-9994-BFE4B6F35321}.Debug|Any CPU.Build.0 = Debug|Any CPU
		{A616E65C-1CA1-47DF-9994-BFE4B6F35321}.Release|Any CPU.ActiveCfg = Release|Any CPU
		{A616E65C-1CA1-47DF-9994-BFE4B6F35321}.Release|Any CPU.Build.0 = Release|Any CPU
	EndGlobalSection
	GlobalSection(SolutionProperties) = preSolution
		HideSolutionNode = FALSE
	EndGlobalSection
	GlobalSection(ExtensibilityGlobals) = postSolution
		SolutionGuid = {79099296-B531-49C9-B9FD-D3B3BB9AE834}
	EndGlobalSection
EndGlobal
